// !$*UTF8*$!
{
	archiveVersion = 1;
	classes = {
	};
	objectVersion = 50;
	objects = {

/* Begin PBXBuildFile section */
		0F61B5A820E53F6400DC5CF4 /* GCYPhotoKitManager.m in Sources */ = {isa = PBXBuildFile; fileRef = 0F61B5A720E53F6400DC5CF4 /* GCYPhotoKitManager.m */; };
		0F6E41C92107316A00D0A179 /* GCYPhotoManager.m in Sources */ = {isa = PBXBuildFile; fileRef = 0F6E41C82107316A00D0A179 /* GCYPhotoManager.m */; };
		0F6E421521073AE300D0A179 /* GCYChoosePictureView.m in Sources */ = {isa = PBXBuildFile; fileRef = 0F6E421421073AE300D0A179 /* GCYChoosePictureView.m */; };
		0F6E422321083EDA00D0A179 /* GCYPhotoGroupListController.m in Sources */ = {isa = PBXBuildFile; fileRef = 0F6E422221083EDA00D0A179 /* GCYPhotoGroupListController.m */; };
		0F6E4226210841E900D0A179 /* GCYPhotoListController.m in Sources */ = {isa = PBXBuildFile; fileRef = 0F6E4225210841E900D0A179 /* GCYPhotoListController.m */; };
		0F6E42292108492D00D0A179 /* GCYPhotoOperation.m in Sources */ = {isa = PBXBuildFile; fileRef = 0F6E42282108492D00D0A179 /* GCYPhotoOperation.m */; };
		3E29401720E0BCDC0048D01A /* AppDelegate.m in Sources */ = {isa = PBXBuildFile; fileRef = 3E29401620E0BCDC0048D01A /* AppDelegate.m */; };
		3E29401A20E0BCDC0048D01A /* ViewController.m in Sources */ = {isa = PBXBuildFile; fileRef = 3E29401920E0BCDC0048D01A /* ViewController.m */; };
		3E29401D20E0BCDC0048D01A /* Main.storyboard in Resources */ = {isa = PBXBuildFile; fileRef = 3E29401B20E0BCDC0048D01A /* Main.storyboard */; };
		3E29401F20E0BCDE0048D01A /* Assets.xcassets in Resources */ = {isa = PBXBuildFile; fileRef = 3E29401E20E0BCDE0048D01A /* Assets.xcassets */; };
		3E29402220E0BCDE0048D01A /* LaunchScreen.storyboard in Resources */ = {isa = PBXBuildFile; fileRef = 3E29402020E0BCDE0048D01A /* LaunchScreen.storyboard */; };
		3E29402520E0BCDE0048D01A /* main.m in Sources */ = {isa = PBXBuildFile; fileRef = 3E29402420E0BCDE0048D01A /* main.m */; };
		3E29403020E0BF3F0048D01A /* Photo.m in Sources */ = {isa = PBXBuildFile; fileRef = 3E29402F20E0BF3F0048D01A /* Photo.m */; };
		3E29403420E0C5240048D01A /* PYPhotoBrowserConst.m in Sources */ = {isa = PBXBuildFile; fileRef = 3E29403320E0C5240048D01A /* PYPhotoBrowserConst.m */; };
		3E29403620E0C75B0048D01A /* PYPhotosView.bundle in Resources */ = {isa = PBXBuildFile; fileRef = 3E29403520E0C75B0048D01A /* PYPhotosView.bundle */; };
		3E29403920E0C94E0048D01A /* PhotoImageView.m in Sources */ = {isa = PBXBuildFile; fileRef = 3E29403820E0C94E0048D01A /* PhotoImageView.m */; };
		3E29403C20E0D3890048D01A /* PhotosView.m in Sources */ = {isa = PBXBuildFile; fileRef = 3E29403B20E0D3890048D01A /* PhotosView.m */; };
		3E29403F20E0EA1D0048D01A /* PhotosViewController.m in Sources */ = {isa = PBXBuildFile; fileRef = 3E29403E20E0EA1D0048D01A /* PhotosViewController.m */; };
		3E29404220E0EA4E0048D01A /* PhotosReaderController.m in Sources */ = {isa = PBXBuildFile; fileRef = 3E29404120E0EA4E0048D01A /* PhotosReaderController.m */; };
		3E29404520E0EA6F0048D01A /* PhotosPreviewController.m in Sources */ = {isa = PBXBuildFile; fileRef = 3E29404420E0EA6F0048D01A /* PhotosPreviewController.m */; };
		3E29404820E0EEF20048D01A /* PhotoViewCell.m in Sources */ = {isa = PBXBuildFile; fileRef = 3E29404720E0EEF20048D01A /* PhotoViewCell.m */; };
		3E29408320E0EF1F0048D01A /* DALabeledCircularProgressView.m in Sources */ = {isa = PBXBuildFile; fileRef = 3E29404B20E0EF1F0048D01A /* DALabeledCircularProgressView.m */; };
		3E29408420E0EF1F0048D01A /* DACircularProgressView.m in Sources */ = {isa = PBXBuildFile; fileRef = 3E29404C20E0EF1F0048D01A /* DACircularProgressView.m */; };
		3E29408520E0EF1F0048D01A /* FLAnimatedImage.m in Sources */ = {isa = PBXBuildFile; fileRef = 3E29405020E0EF1F0048D01A /* FLAnimatedImage.m */; };
		3E29408620E0EF1F0048D01A /* FLAnimatedImageView.m in Sources */ = {isa = PBXBuildFile; fileRef = 3E29405120E0EF1F0048D01A /* FLAnimatedImageView.m */; };
		3E29408720E0EF1F0048D01A /* MBProgressHUD.m in Sources */ = {isa = PBXBuildFile; fileRef = 3E29405520E0EF1F0048D01A /* MBProgressHUD.m */; };
		3E29408820E0EF1F0048D01A /* MBProgressHUD.bundle in Resources */ = {isa = PBXBuildFile; fileRef = 3E29405720E0EF1F0048D01A /* MBProgressHUD.bundle */; };
		3E29408920E0EF1F0048D01A /* UIImage+WebP.m in Sources */ = {isa = PBXBuildFile; fileRef = 3E29405920E0EF1F0048D01A /* UIImage+WebP.m */; };
		3E29408A20E0EF1F0048D01A /* MKAnnotationView+WebCache.m in Sources */ = {isa = PBXBuildFile; fileRef = 3E29405A20E0EF1F0048D01A /* MKAnnotationView+WebCache.m */; };
		3E29408B20E0EF1F0048D01A /* SDWebImageManager.m in Sources */ = {isa = PBXBuildFile; fileRef = 3E29405E20E0EF1F0048D01A /* SDWebImageManager.m */; };
		3E29408C20E0EF1F0048D01A /* SDWebImageDecoder.m in Sources */ = {isa = PBXBuildFile; fileRef = 3E29405F20E0EF1F0048D01A /* SDWebImageDecoder.m */; };
		3E29408D20E0EF1F0048D01A /* UIImageView+HighlightedWebCache.m in Sources */ = {isa = PBXBuildFile; fileRef = 3E29406120E0EF1F0048D01A /* UIImageView+HighlightedWebCache.m */; };
		3E29408E20E0EF1F0048D01A /* FLAnimatedImageView+WebCache.m in Sources */ = {isa = PBXBuildFile; fileRef = 3E29406520E0EF1F0048D01A /* FLAnimatedImageView+WebCache.m */; };
		3E29408F20E0EF1F0048D01A /* SDWebImageDownloader.m in Sources */ = {isa = PBXBuildFile; fileRef = 3E29406720E0EF1F0048D01A /* SDWebImageDownloader.m */; };
		3E29409020E0EF1F0048D01A /* UIImage+GIF.m in Sources */ = {isa = PBXBuildFile; fileRef = 3E29406820E0EF1F0048D01A /* UIImage+GIF.m */; };
		3E29409120E0EF1F0048D01A /* UIImage+MultiFormat.m in Sources */ = {isa = PBXBuildFile; fileRef = 3E29406A20E0EF1F0048D01A /* UIImage+MultiFormat.m */; };
		3E29409220E0EF1F0048D01A /* SDWebImageCompat.m in Sources */ = {isa = PBXBuildFile; fileRef = 3E29406B20E0EF1F0048D01A /* SDWebImageCompat.m */; };
		3E29409320E0EF1F0048D01A /* SDWebImagePrefetcher.m in Sources */ = {isa = PBXBuildFile; fileRef = 3E29406C20E0EF1F0048D01A /* SDWebImagePrefetcher.m */; };
		3E29409420E0EF1F0048D01A /* SDImageCache.m in Sources */ = {isa = PBXBuildFile; fileRef = 3E29407120E0EF1F0048D01A /* SDImageCache.m */; };
		3E29409520E0EF1F0048D01A /* SDWebImageDownloaderOperation.m in Sources */ = {isa = PBXBuildFile; fileRef = 3E29407320E0EF1F0048D01A /* SDWebImageDownloaderOperation.m */; };
		3E29409620E0EF1F0048D01A /* NSData+ImageContentType.m in Sources */ = {isa = PBXBuildFile; fileRef = 3E29407620E0EF1F0048D01A /* NSData+ImageContentType.m */; };
		3E29409720E0EF1F0048D01A /* UIImageView+WebCache.m in Sources */ = {isa = PBXBuildFile; fileRef = 3E29407720E0EF1F0048D01A /* UIImageView+WebCache.m */; };
		3E29409820E0EF1F0048D01A /* NSImage+WebCache.m in Sources */ = {isa = PBXBuildFile; fileRef = 3E29407920E0EF1F0048D01A /* NSImage+WebCache.m */; };
		3E29409920E0EF1F0048D01A /* SDImageCacheConfig.m in Sources */ = {isa = PBXBuildFile; fileRef = 3E29407B20E0EF1F0048D01A /* SDImageCacheConfig.m */; };
		3E29409A20E0EF1F0048D01A /* UIView+WebCacheOperation.m in Sources */ = {isa = PBXBuildFile; fileRef = 3E29407C20E0EF1F0048D01A /* UIView+WebCacheOperation.m */; };
		3E29409B20E0EF1F0048D01A /* UIView+WebCache.m in Sources */ = {isa = PBXBuildFile; fileRef = 3E29407D20E0EF1F0048D01A /* UIView+WebCache.m */; };
		3E29409C20E0EF1F0048D01A /* UIButton+WebCache.m in Sources */ = {isa = PBXBuildFile; fileRef = 3E29408120E0EF1F0048D01A /* UIButton+WebCache.m */; };
		3E2940DF20E4B4780048D01A /* UIView+Frame.m in Sources */ = {isa = PBXBuildFile; fileRef = 3E2940DE20E4B4780048D01A /* UIView+Frame.m */; };
		3E2940E220E4B4DA0048D01A /* GCYPhotoGroupModel.m in Sources */ = {isa = PBXBuildFile; fileRef = 3E2940E120E4B4DA0048D01A /* GCYPhotoGroupModel.m */; };
		3E2940E520E4B7940048D01A /* GCYPhotoModel.m in Sources */ = {isa = PBXBuildFile; fileRef = 3E2940E420E4B7940048D01A /* GCYPhotoModel.m */; };
		3E2940E820E4B97A0048D01A /* GCYPhotoGroupCell.m in Sources */ = {isa = PBXBuildFile; fileRef = 3E2940E720E4B97A0048D01A /* GCYPhotoGroupCell.m */; };
		3E2940EB20E4BC7B0048D01A /* GCYPhotoCollectionViewCell.m in Sources */ = {isa = PBXBuildFile; fileRef = 3E2940EA20E4BC7B0048D01A /* GCYPhotoCollectionViewCell.m */; };
		3E2940EE20E4C97F0048D01A /* GCYPhotoAuthor.m in Sources */ = {isa = PBXBuildFile; fileRef = 3E2940ED20E4C97F0048D01A /* GCYPhotoAuthor.m */; };
/* End PBXBuildFile section */

/* Begin PBXFileReference section */
		0F61B5A620E53F6400DC5CF4 /* GCYPhotoKitManager.h */ = {isa = PBXFileReference; lastKnownFileType = sourcecode.c.h; path = GCYPhotoKitManager.h; sourceTree = "<group>"; };
		0F61B5A720E53F6400DC5CF4 /* GCYPhotoKitManager.m */ = {isa = PBXFileReference; lastKnownFileType = sourcecode.c.objc; path = GCYPhotoKitManager.m; sourceTree = "<group>"; };
		0F6E41C72107316A00D0A179 /* GCYPhotoManager.h */ = {isa = PBXFileReference; lastKnownFileType = sourcecode.c.h; path = GCYPhotoManager.h; sourceTree = "<group>"; };
		0F6E41C82107316A00D0A179 /* GCYPhotoManager.m */ = {isa = PBXFileReference; lastKnownFileType = sourcecode.c.objc; path = GCYPhotoManager.m; sourceTree = "<group>"; };
		0F6E421321073AE300D0A179 /* GCYChoosePictureView.h */ = {isa = PBXFileReference; lastKnownFileType = sourcecode.c.h; path = GCYChoosePictureView.h; sourceTree = "<group>"; };
		0F6E421421073AE300D0A179 /* GCYChoosePictureView.m */ = {isa = PBXFileReference; lastKnownFileType = sourcecode.c.objc; path = GCYChoosePictureView.m; sourceTree = "<group>"; };
		0F6E422121083EDA00D0A179 /* GCYPhotoGroupListController.h */ = {isa = PBXFileReference; lastKnownFileType = sourcecode.c.h; path = GCYPhotoGroupListController.h; sourceTree = "<group>"; };
		0F6E422221083EDA00D0A179 /* GCYPhotoGroupListController.m */ = {isa = PBXFileReference; lastKnownFileType = sourcecode.c.objc; path = GCYPhotoGroupListController.m; sourceTree = "<group>"; };
		0F6E4224210841E900D0A179 /* GCYPhotoListController.h */ = {isa = PBXFileReference; lastKnownFileType = sourcecode.c.h; path = GCYPhotoListController.h; sourceTree = "<group>"; };
		0F6E4225210841E900D0A179 /* GCYPhotoListController.m */ = {isa = PBXFileReference; lastKnownFileType = sourcecode.c.objc; path = GCYPhotoListController.m; sourceTree = "<group>"; };
		0F6E42272108492D00D0A179 /* GCYPhotoOperation.h */ = {isa = PBXFileReference; lastKnownFileType = sourcecode.c.h; path = GCYPhotoOperation.h; sourceTree = "<group>"; };
		0F6E42282108492D00D0A179 /* GCYPhotoOperation.m */ = {isa = PBXFileReference; lastKnownFileType = sourcecode.c.objc; path = GCYPhotoOperation.m; sourceTree = "<group>"; };
		3E29401220E0BCDC0048D01A /* PhotoBrowse.app */ = {isa = PBXFileReference; explicitFileType = wrapper.application; includeInIndex = 0; path = PhotoBrowse.app; sourceTree = BUILT_PRODUCTS_DIR; };
		3E29401520E0BCDC0048D01A /* AppDelegate.h */ = {isa = PBXFileReference; lastKnownFileType = sourcecode.c.h; path = AppDelegate.h; sourceTree = "<group>"; };
		3E29401620E0BCDC0048D01A /* AppDelegate.m */ = {isa = PBXFileReference; lastKnownFileType = sourcecode.c.objc; path = AppDelegate.m; sourceTree = "<group>"; };
		3E29401820E0BCDC0048D01A /* ViewController.h */ = {isa = PBXFileReference; lastKnownFileType = sourcecode.c.h; path = ViewController.h; sourceTree = "<group>"; };
		3E29401920E0BCDC0048D01A /* ViewController.m */ = {isa = PBXFileReference; lastKnownFileType = sourcecode.c.objc; path = ViewController.m; sourceTree = "<group>"; };
		3E29401C20E0BCDC0048D01A /* Base */ = {isa = PBXFileReference; lastKnownFileType = file.storyboard; name = Base; path = Base.lproj/Main.storyboard; sourceTree = "<group>"; };
		3E29401E20E0BCDE0048D01A /* Assets.xcassets */ = {isa = PBXFileReference; lastKnownFileType = folder.assetcatalog; path = Assets.xcassets; sourceTree = "<group>"; };
		3E29402120E0BCDE0048D01A /* Base */ = {isa = PBXFileReference; lastKnownFileType = file.storyboard; name = Base; path = Base.lproj/LaunchScreen.storyboard; sourceTree = "<group>"; };
		3E29402320E0BCDE0048D01A /* Info.plist */ = {isa = PBXFileReference; lastKnownFileType = text.plist.xml; path = Info.plist; sourceTree = "<group>"; };
		3E29402420E0BCDE0048D01A /* main.m */ = {isa = PBXFileReference; lastKnownFileType = sourcecode.c.objc; path = main.m; sourceTree = "<group>"; };
		3E29402E20E0BF3F0048D01A /* Photo.h */ = {isa = PBXFileReference; lastKnownFileType = sourcecode.c.h; path = Photo.h; sourceTree = "<group>"; };
		3E29402F20E0BF3F0048D01A /* Photo.m */ = {isa = PBXFileReference; lastKnownFileType = sourcecode.c.objc; path = Photo.m; sourceTree = "<group>"; };
		3E29403220E0C5240048D01A /* PYPhotoBrowserConst.h */ = {isa = PBXFileReference; fileEncoding = 4; lastKnownFileType = sourcecode.c.h; path = PYPhotoBrowserConst.h; sourceTree = "<group>"; };
		3E29403320E0C5240048D01A /* PYPhotoBrowserConst.m */ = {isa = PBXFileReference; fileEncoding = 4; lastKnownFileType = sourcecode.c.objc; path = PYPhotoBrowserConst.m; sourceTree = "<group>"; };
		3E29403520E0C75B0048D01A /* PYPhotosView.bundle */ = {isa = PBXFileReference; lastKnownFileType = "wrapper.plug-in"; path = PYPhotosView.bundle; sourceTree = "<group>"; };
		3E29403720E0C94E0048D01A /* PhotoImageView.h */ = {isa = PBXFileReference; lastKnownFileType = sourcecode.c.h; path = PhotoImageView.h; sourceTree = "<group>"; };
		3E29403820E0C94E0048D01A /* PhotoImageView.m */ = {isa = PBXFileReference; lastKnownFileType = sourcecode.c.objc; path = PhotoImageView.m; sourceTree = "<group>"; };
		3E29403A20E0D3890048D01A /* PhotosView.h */ = {isa = PBXFileReference; lastKnownFileType = sourcecode.c.h; path = PhotosView.h; sourceTree = "<group>"; };
		3E29403B20E0D3890048D01A /* PhotosView.m */ = {isa = PBXFileReference; lastKnownFileType = sourcecode.c.objc; path = PhotosView.m; sourceTree = "<group>"; };
		3E29403D20E0EA1D0048D01A /* PhotosViewController.h */ = {isa = PBXFileReference; lastKnownFileType = sourcecode.c.h; path = PhotosViewController.h; sourceTree = "<group>"; };
		3E29403E20E0EA1D0048D01A /* PhotosViewController.m */ = {isa = PBXFileReference; lastKnownFileType = sourcecode.c.objc; path = PhotosViewController.m; sourceTree = "<group>"; };
		3E29404020E0EA4E0048D01A /* PhotosReaderController.h */ = {isa = PBXFileReference; lastKnownFileType = sourcecode.c.h; path = PhotosReaderController.h; sourceTree = "<group>"; };
		3E29404120E0EA4E0048D01A /* PhotosReaderController.m */ = {isa = PBXFileReference; lastKnownFileType = sourcecode.c.objc; path = PhotosReaderController.m; sourceTree = "<group>"; };
		3E29404320E0EA6F0048D01A /* PhotosPreviewController.h */ = {isa = PBXFileReference; lastKnownFileType = sourcecode.c.h; path = PhotosPreviewController.h; sourceTree = "<group>"; };
		3E29404420E0EA6F0048D01A /* PhotosPreviewController.m */ = {isa = PBXFileReference; lastKnownFileType = sourcecode.c.objc; path = PhotosPreviewController.m; sourceTree = "<group>"; };
		3E29404620E0EEF20048D01A /* PhotoViewCell.h */ = {isa = PBXFileReference; lastKnownFileType = sourcecode.c.h; path = PhotoViewCell.h; sourceTree = "<group>"; };
		3E29404720E0EEF20048D01A /* PhotoViewCell.m */ = {isa = PBXFileReference; lastKnownFileType = sourcecode.c.objc; path = PhotoViewCell.m; sourceTree = "<group>"; };
		3E29404B20E0EF1F0048D01A /* DALabeledCircularProgressView.m */ = {isa = PBXFileReference; fileEncoding = 4; lastKnownFileType = sourcecode.c.objc; path = DALabeledCircularProgressView.m; sourceTree = "<group>"; };
		3E29404C20E0EF1F0048D01A /* DACircularProgressView.m */ = {isa = PBXFileReference; fileEncoding = 4; lastKnownFileType = sourcecode.c.objc; path = DACircularProgressView.m; sourceTree = "<group>"; };
		3E29404D20E0EF1F0048D01A /* DALabeledCircularProgressView.h */ = {isa = PBXFileReference; fileEncoding = 4; lastKnownFileType = sourcecode.c.h; path = DALabeledCircularProgressView.h; sourceTree = "<group>"; };
		3E29404E20E0EF1F0048D01A /* DACircularProgressView.h */ = {isa = PBXFileReference; fileEncoding = 4; lastKnownFileType = sourcecode.c.h; path = DACircularProgressView.h; sourceTree = "<group>"; };
		3E29405020E0EF1F0048D01A /* FLAnimatedImage.m */ = {isa = PBXFileReference; fileEncoding = 4; lastKnownFileType = sourcecode.c.objc; path = FLAnimatedImage.m; sourceTree = "<group>"; };
		3E29405120E0EF1F0048D01A /* FLAnimatedImageView.m */ = {isa = PBXFileReference; fileEncoding = 4; lastKnownFileType = sourcecode.c.objc; path = FLAnimatedImageView.m; sourceTree = "<group>"; };
		3E29405220E0EF1F0048D01A /* FLAnimatedImage.h */ = {isa = PBXFileReference; fileEncoding = 4; lastKnownFileType = sourcecode.c.h; path = FLAnimatedImage.h; sourceTree = "<group>"; };
		3E29405320E0EF1F0048D01A /* FLAnimatedImageView.h */ = {isa = PBXFileReference; fileEncoding = 4; lastKnownFileType = sourcecode.c.h; path = FLAnimatedImageView.h; sourceTree = "<group>"; };
		3E29405520E0EF1F0048D01A /* MBProgressHUD.m */ = {isa = PBXFileReference; fileEncoding = 4; lastKnownFileType = sourcecode.c.objc; path = MBProgressHUD.m; sourceTree = "<group>"; };
		3E29405620E0EF1F0048D01A /* MBProgressHUD.h */ = {isa = PBXFileReference; fileEncoding = 4; lastKnownFileType = sourcecode.c.h; path = MBProgressHUD.h; sourceTree = "<group>"; };
		3E29405720E0EF1F0048D01A /* MBProgressHUD.bundle */ = {isa = PBXFileReference; lastKnownFileType = "wrapper.plug-in"; path = MBProgressHUD.bundle; sourceTree = "<group>"; };
		3E29405920E0EF1F0048D01A /* UIImage+WebP.m */ = {isa = PBXFileReference; fileEncoding = 4; lastKnownFileType = sourcecode.c.objc; path = "UIImage+WebP.m"; sourceTree = "<group>"; };
		3E29405A20E0EF1F0048D01A /* MKAnnotationView+WebCache.m */ = {isa = PBXFileReference; fileEncoding = 4; lastKnownFileType = sourcecode.c.objc; path = "MKAnnotationView+WebCache.m"; sourceTree = "<group>"; };
		3E29405B20E0EF1F0048D01A /* NSImage+WebCache.h */ = {isa = PBXFileReference; fileEncoding = 4; lastKnownFileType = sourcecode.c.h; path = "NSImage+WebCache.h"; sourceTree = "<group>"; };
		3E29405C20E0EF1F0048D01A /* UIImageView+WebCache.h */ = {isa = PBXFileReference; fileEncoding = 4; lastKnownFileType = sourcecode.c.h; path = "UIImageView+WebCache.h"; sourceTree = "<group>"; };
		3E29405D20E0EF1F0048D01A /* NSData+ImageContentType.h */ = {isa = PBXFileReference; fileEncoding = 4; lastKnownFileType = sourcecode.c.h; path = "NSData+ImageContentType.h"; sourceTree = "<group>"; };
		3E29405E20E0EF1F0048D01A /* SDWebImageManager.m */ = {isa = PBXFileReference; fileEncoding = 4; lastKnownFileType = sourcecode.c.objc; path = SDWebImageManager.m; sourceTree = "<group>"; };
		3E29405F20E0EF1F0048D01A /* SDWebImageDecoder.m */ = {isa = PBXFileReference; fileEncoding = 4; lastKnownFileType = sourcecode.c.objc; path = SDWebImageDecoder.m; sourceTree = "<group>"; };
		3E29406020E0EF1F0048D01A /* SDWebImageDownloaderOperation.h */ = {isa = PBXFileReference; fileEncoding = 4; lastKnownFileType = sourcecode.c.h; path = SDWebImageDownloaderOperation.h; sourceTree = "<group>"; };
		3E29406120E0EF1F0048D01A /* UIImageView+HighlightedWebCache.m */ = {isa = PBXFileReference; fileEncoding = 4; lastKnownFileType = sourcecode.c.objc; path = "UIImageView+HighlightedWebCache.m"; sourceTree = "<group>"; };
		3E29406220E0EF1F0048D01A /* SDImageCache.h */ = {isa = PBXFileReference; fileEncoding = 4; lastKnownFileType = sourcecode.c.h; path = SDImageCache.h; sourceTree = "<group>"; };
		3E29406320E0EF1F0048D01A /* SDImageCacheConfig.h */ = {isa = PBXFileReference; fileEncoding = 4; lastKnownFileType = sourcecode.c.h; path = SDImageCacheConfig.h; sourceTree = "<group>"; };
		3E29406520E0EF1F0048D01A /* FLAnimatedImageView+WebCache.m */ = {isa = PBXFileReference; fileEncoding = 4; lastKnownFileType = sourcecode.c.objc; path = "FLAnimatedImageView+WebCache.m"; sourceTree = "<group>"; };
		3E29406620E0EF1F0048D01A /* FLAnimatedImageView+WebCache.h */ = {isa = PBXFileReference; fileEncoding = 4; lastKnownFileType = sourcecode.c.h; path = "FLAnimatedImageView+WebCache.h"; sourceTree = "<group>"; };
		3E29406720E0EF1F0048D01A /* SDWebImageDownloader.m */ = {isa = PBXFileReference; fileEncoding = 4; lastKnownFileType = sourcecode.c.objc; path = SDWebImageDownloader.m; sourceTree = "<group>"; };
		3E29406820E0EF1F0048D01A /* UIImage+GIF.m */ = {isa = PBXFileReference; fileEncoding = 4; lastKnownFileType = sourcecode.c.objc; path = "UIImage+GIF.m"; sourceTree = "<group>"; };
		3E29406920E0EF1F0048D01A /* UIButton+WebCache.h */ = {isa = PBXFileReference; fileEncoding = 4; lastKnownFileType = sourcecode.c.h; path = "UIButton+WebCache.h"; sourceTree = "<group>"; };
		3E29406A20E0EF1F0048D01A /* UIImage+MultiFormat.m */ = {isa = PBXFileReference; fileEncoding = 4; lastKnownFileType = sourcecode.c.objc; path = "UIImage+MultiFormat.m"; sourceTree = "<group>"; };
		3E29406B20E0EF1F0048D01A /* SDWebImageCompat.m */ = {isa = PBXFileReference; fileEncoding = 4; lastKnownFileType = sourcecode.c.objc; path = SDWebImageCompat.m; sourceTree = "<group>"; };
		3E29406C20E0EF1F0048D01A /* SDWebImagePrefetcher.m */ = {isa = PBXFileReference; fileEncoding = 4; lastKnownFileType = sourcecode.c.objc; path = SDWebImagePrefetcher.m; sourceTree = "<group>"; };
		3E29406D20E0EF1F0048D01A /* UIView+WebCache.h */ = {isa = PBXFileReference; fileEncoding = 4; lastKnownFileType = sourcecode.c.h; path = "UIView+WebCache.h"; sourceTree = "<group>"; };
		3E29406E20E0EF1F0048D01A /* UIView+WebCacheOperation.h */ = {isa = PBXFileReference; fileEncoding = 4; lastKnownFileType = sourcecode.c.h; path = "UIView+WebCacheOperation.h"; sourceTree = "<group>"; };
		3E29406F20E0EF1F0048D01A /* MKAnnotationView+WebCache.h */ = {isa = PBXFileReference; fileEncoding = 4; lastKnownFileType = sourcecode.c.h; path = "MKAnnotationView+WebCache.h"; sourceTree = "<group>"; };
		3E29407020E0EF1F0048D01A /* UIImage+WebP.h */ = {isa = PBXFileReference; fileEncoding = 4; lastKnownFileType = sourcecode.c.h; path = "UIImage+WebP.h"; sourceTree = "<group>"; };
		3E29407120E0EF1F0048D01A /* SDImageCache.m */ = {isa = PBXFileReference; fileEncoding = 4; lastKnownFileType = sourcecode.c.objc; path = SDImageCache.m; sourceTree = "<group>"; };
		3E29407220E0EF1F0048D01A /* UIImageView+HighlightedWebCache.h */ = {isa = PBXFileReference; fileEncoding = 4; lastKnownFileType = sourcecode.c.h; path = "UIImageView+HighlightedWebCache.h"; sourceTree = "<group>"; };
		3E29407320E0EF1F0048D01A /* SDWebImageDownloaderOperation.m */ = {isa = PBXFileReference; fileEncoding = 4; lastKnownFileType = sourcecode.c.objc; path = SDWebImageDownloaderOperation.m; sourceTree = "<group>"; };
		3E29407420E0EF1F0048D01A /* SDWebImageDecoder.h */ = {isa = PBXFileReference; fileEncoding = 4; lastKnownFileType = sourcecode.c.h; path = SDWebImageDecoder.h; sourceTree = "<group>"; };
		3E29407520E0EF1F0048D01A /* SDWebImageManager.h */ = {isa = PBXFileReference; fileEncoding = 4; lastKnownFileType = sourcecode.c.h; path = SDWebImageManager.h; sourceTree = "<group>"; };
		3E29407620E0EF1F0048D01A /* NSData+ImageContentType.m */ = {isa = PBXFileReference; fileEncoding = 4; lastKnownFileType = sourcecode.c.objc; path = "NSData+ImageContentType.m"; sourceTree = "<group>"; };
		3E29407720E0EF1F0048D01A /* UIImageView+WebCache.m */ = {isa = PBXFileReference; fileEncoding = 4; lastKnownFileType = sourcecode.c.objc; path = "UIImageView+WebCache.m"; sourceTree = "<group>"; };
		3E29407820E0EF1F0048D01A /* SDWebImageOperation.h */ = {isa = PBXFileReference; fileEncoding = 4; lastKnownFileType = sourcecode.c.h; path = SDWebImageOperation.h; sourceTree = "<group>"; };
		3E29407920E0EF1F0048D01A /* NSImage+WebCache.m */ = {isa = PBXFileReference; fileEncoding = 4; lastKnownFileType = sourcecode.c.objc; path = "NSImage+WebCache.m"; sourceTree = "<group>"; };
		3E29407A20E0EF1F0048D01A /* SDWebImageDownloader.h */ = {isa = PBXFileReference; fileEncoding = 4; lastKnownFileType = sourcecode.c.h; path = SDWebImageDownloader.h; sourceTree = "<group>"; };
		3E29407B20E0EF1F0048D01A /* SDImageCacheConfig.m */ = {isa = PBXFileReference; fileEncoding = 4; lastKnownFileType = sourcecode.c.objc; path = SDImageCacheConfig.m; sourceTree = "<group>"; };
		3E29407C20E0EF1F0048D01A /* UIView+WebCacheOperation.m */ = {isa = PBXFileReference; fileEncoding = 4; lastKnownFileType = sourcecode.c.objc; path = "UIView+WebCacheOperation.m"; sourceTree = "<group>"; };
		3E29407D20E0EF1F0048D01A /* UIView+WebCache.m */ = {isa = PBXFileReference; fileEncoding = 4; lastKnownFileType = sourcecode.c.objc; path = "UIView+WebCache.m"; sourceTree = "<group>"; };
		3E29407E20E0EF1F0048D01A /* SDWebImagePrefetcher.h */ = {isa = PBXFileReference; fileEncoding = 4; lastKnownFileType = sourcecode.c.h; path = SDWebImagePrefetcher.h; sourceTree = "<group>"; };
		3E29407F20E0EF1F0048D01A /* SDWebImageCompat.h */ = {isa = PBXFileReference; fileEncoding = 4; lastKnownFileType = sourcecode.c.h; path = SDWebImageCompat.h; sourceTree = "<group>"; };
		3E29408020E0EF1F0048D01A /* UIImage+MultiFormat.h */ = {isa = PBXFileReference; fileEncoding = 4; lastKnownFileType = sourcecode.c.h; path = "UIImage+MultiFormat.h"; sourceTree = "<group>"; };
		3E29408120E0EF1F0048D01A /* UIButton+WebCache.m */ = {isa = PBXFileReference; fileEncoding = 4; lastKnownFileType = sourcecode.c.objc; path = "UIButton+WebCache.m"; sourceTree = "<group>"; };
		3E29408220E0EF1F0048D01A /* UIImage+GIF.h */ = {isa = PBXFileReference; fileEncoding = 4; lastKnownFileType = sourcecode.c.h; path = "UIImage+GIF.h"; sourceTree = "<group>"; };
		3E2940DB20E4B3A30048D01A /* PhotoPrefix.pch */ = {isa = PBXFileReference; lastKnownFileType = sourcecode.c.h; path = PhotoPrefix.pch; sourceTree = "<group>"; };
		3E2940DC20E4B42A0048D01A /* ConstHeader.h */ = {isa = PBXFileReference; lastKnownFileType = sourcecode.c.h; path = ConstHeader.h; sourceTree = "<group>"; };
		3E2940DD20E4B4780048D01A /* UIView+Frame.h */ = {isa = PBXFileReference; fileEncoding = 4; lastKnownFileType = sourcecode.c.h; path = "UIView+Frame.h"; sourceTree = "<group>"; };
		3E2940DE20E4B4780048D01A /* UIView+Frame.m */ = {isa = PBXFileReference; fileEncoding = 4; lastKnownFileType = sourcecode.c.objc; path = "UIView+Frame.m"; sourceTree = "<group>"; };
		3E2940E020E4B4DA0048D01A /* GCYPhotoGroupModel.h */ = {isa = PBXFileReference; lastKnownFileType = sourcecode.c.h; path = GCYPhotoGroupModel.h; sourceTree = "<group>"; };
		3E2940E120E4B4DA0048D01A /* GCYPhotoGroupModel.m */ = {isa = PBXFileReference; lastKnownFileType = sourcecode.c.objc; path = GCYPhotoGroupModel.m; sourceTree = "<group>"; };
		3E2940E320E4B7940048D01A /* GCYPhotoModel.h */ = {isa = PBXFileReference; lastKnownFileType = sourcecode.c.h; path = GCYPhotoModel.h; sourceTree = "<group>"; };
		3E2940E420E4B7940048D01A /* GCYPhotoModel.m */ = {isa = PBXFileReference; lastKnownFileType = sourcecode.c.objc; path = GCYPhotoModel.m; sourceTree = "<group>"; };
		3E2940E620E4B97A0048D01A /* GCYPhotoGroupCell.h */ = {isa = PBXFileReference; lastKnownFileType = sourcecode.c.h; path = GCYPhotoGroupCell.h; sourceTree = "<group>"; };
		3E2940E720E4B97A0048D01A /* GCYPhotoGroupCell.m */ = {isa = PBXFileReference; lastKnownFileType = sourcecode.c.objc; path = GCYPhotoGroupCell.m; sourceTree = "<group>"; };
		3E2940E920E4BC7B0048D01A /* GCYPhotoCollectionViewCell.h */ = {isa = PBXFileReference; lastKnownFileType = sourcecode.c.h; path = GCYPhotoCollectionViewCell.h; sourceTree = "<group>"; };
		3E2940EA20E4BC7B0048D01A /* GCYPhotoCollectionViewCell.m */ = {isa = PBXFileReference; lastKnownFileType = sourcecode.c.objc; path = GCYPhotoCollectionViewCell.m; sourceTree = "<group>"; };
		3E2940EC20E4C97F0048D01A /* GCYPhotoAuthor.h */ = {isa = PBXFileReference; lastKnownFileType = sourcecode.c.h; path = GCYPhotoAuthor.h; sourceTree = "<group>"; };
		3E2940ED20E4C97F0048D01A /* GCYPhotoAuthor.m */ = {isa = PBXFileReference; lastKnownFileType = sourcecode.c.objc; path = GCYPhotoAuthor.m; sourceTree = "<group>"; };
/* End PBXFileReference section */

/* Begin PBXFrameworksBuildPhase section */
		3E29400F20E0BCDC0048D01A /* Frameworks */ = {
			isa = PBXFrameworksBuildPhase;
			buildActionMask = 2147483647;
			files = (
			);
			runOnlyForDeploymentPostprocessing = 0;
		};
/* End PBXFrameworksBuildPhase section */

/* Begin PBXGroup section */
		0F6E421221073A1600D0A179 /* MVCPhoto */ = {
			isa = PBXGroup;
			children = (
				3E29402B20E0BF0C0048D01A /* C */,
				3E29402C20E0BF150048D01A /* V */,
				3E29402D20E0BF1A0048D01A /* M */,
			);
			path = MVCPhoto;
			sourceTree = "<group>";
		};
		3E29400920E0BCDC0048D01A = {
			isa = PBXGroup;
			children = (
				3E29401420E0BCDC0048D01A /* PhotoBrowse */,
				3E29401320E0BCDC0048D01A /* Products */,
			);
			sourceTree = "<group>";
		};
		3E29401320E0BCDC0048D01A /* Products */ = {
			isa = PBXGroup;
			children = (
				3E29401220E0BCDC0048D01A /* PhotoBrowse.app */,
			);
			name = Products;
			sourceTree = "<group>";
		};
		3E29401420E0BCDC0048D01A /* PhotoBrowse */ = {
			isa = PBXGroup;
			children = (
				3E2940D420E4B2E20048D01A /* ChooseBrowser */,
				3E29401520E0BCDC0048D01A /* AppDelegate.h */,
				3E29401620E0BCDC0048D01A /* AppDelegate.m */,
				3E29401820E0BCDC0048D01A /* ViewController.h */,
				3E29401920E0BCDC0048D01A /* ViewController.m */,
				0F6E421321073AE300D0A179 /* GCYChoosePictureView.h */,
				0F6E421421073AE300D0A179 /* GCYChoosePictureView.m */,
				3E29401B20E0BCDC0048D01A /* Main.storyboard */,
				3E29401E20E0BCDE0048D01A /* Assets.xcassets */,
				3E29402020E0BCDE0048D01A /* LaunchScreen.storyboard */,
				3E29402320E0BCDE0048D01A /* Info.plist */,
				3E29402420E0BCDE0048D01A /* main.m */,
				3E2940DB20E4B3A30048D01A /* PhotoPrefix.pch */,
				0F6E421221073A1600D0A179 /* MVCPhoto */,
				3E29404920E0EF1F0048D01A /* Lib */,
				3E29403120E0C5150048D01A /* Other */,
			);
			path = PhotoBrowse;
			sourceTree = "<group>";
		};
		3E29402B20E0BF0C0048D01A /* C */ = {
			isa = PBXGroup;
			children = (
				3E29403D20E0EA1D0048D01A /* PhotosViewController.h */,
				3E29403E20E0EA1D0048D01A /* PhotosViewController.m */,
				3E29404020E0EA4E0048D01A /* PhotosReaderController.h */,
				3E29404120E0EA4E0048D01A /* PhotosReaderController.m */,
				3E29404320E0EA6F0048D01A /* PhotosPreviewController.h */,
				3E29404420E0EA6F0048D01A /* PhotosPreviewController.m */,
			);
			path = C;
			sourceTree = "<group>";
		};
		3E29402C20E0BF150048D01A /* V */ = {
			isa = PBXGroup;
			children = (
				3E29403720E0C94E0048D01A /* PhotoImageView.h */,
				3E29403820E0C94E0048D01A /* PhotoImageView.m */,
				3E29403A20E0D3890048D01A /* PhotosView.h */,
				3E29403B20E0D3890048D01A /* PhotosView.m */,
				3E29404620E0EEF20048D01A /* PhotoViewCell.h */,
				3E29404720E0EEF20048D01A /* PhotoViewCell.m */,
			);
			path = V;
			sourceTree = "<group>";
		};
		3E29402D20E0BF1A0048D01A /* M */ = {
			isa = PBXGroup;
			children = (
				3E29402E20E0BF3F0048D01A /* Photo.h */,
				3E29402F20E0BF3F0048D01A /* Photo.m */,
			);
			path = M;
			sourceTree = "<group>";
		};
		3E29403120E0C5150048D01A /* Other */ = {
			isa = PBXGroup;
			children = (
				3E29403520E0C75B0048D01A /* PYPhotosView.bundle */,
				3E29403220E0C5240048D01A /* PYPhotoBrowserConst.h */,
				3E29403320E0C5240048D01A /* PYPhotoBrowserConst.m */,
			);
			path = Other;
			sourceTree = "<group>";
		};
		3E29404920E0EF1F0048D01A /* Lib */ = {
			isa = PBXGroup;
			children = (
				3E29404A20E0EF1F0048D01A /* DACircularProgress */,
				3E29404F20E0EF1F0048D01A /* FLAnimatedImage */,
				3E29405420E0EF1F0048D01A /* MBProgressHUD */,
				3E29405820E0EF1F0048D01A /* SDWebImage */,
			);
			path = Lib;
			sourceTree = "<group>";
		};
		3E29404A20E0EF1F0048D01A /* DACircularProgress */ = {
			isa = PBXGroup;
			children = (
				3E29404B20E0EF1F0048D01A /* DALabeledCircularProgressView.m */,
				3E29404C20E0EF1F0048D01A /* DACircularProgressView.m */,
				3E29404D20E0EF1F0048D01A /* DALabeledCircularProgressView.h */,
				3E29404E20E0EF1F0048D01A /* DACircularProgressView.h */,
			);
			path = DACircularProgress;
			sourceTree = "<group>";
		};
		3E29404F20E0EF1F0048D01A /* FLAnimatedImage */ = {
			isa = PBXGroup;
			children = (
				3E29405020E0EF1F0048D01A /* FLAnimatedImage.m */,
				3E29405120E0EF1F0048D01A /* FLAnimatedImageView.m */,
				3E29405220E0EF1F0048D01A /* FLAnimatedImage.h */,
				3E29405320E0EF1F0048D01A /* FLAnimatedImageView.h */,
			);
			path = FLAnimatedImage;
			sourceTree = "<group>";
		};
		3E29405420E0EF1F0048D01A /* MBProgressHUD */ = {
			isa = PBXGroup;
			children = (
				3E29405520E0EF1F0048D01A /* MBProgressHUD.m */,
				3E29405620E0EF1F0048D01A /* MBProgressHUD.h */,
				3E29405720E0EF1F0048D01A /* MBProgressHUD.bundle */,
			);
			path = MBProgressHUD;
			sourceTree = "<group>";
		};
		3E29405820E0EF1F0048D01A /* SDWebImage */ = {
			isa = PBXGroup;
			children = (
				3E29405920E0EF1F0048D01A /* UIImage+WebP.m */,
				3E29405A20E0EF1F0048D01A /* MKAnnotationView+WebCache.m */,
				3E29405B20E0EF1F0048D01A /* NSImage+WebCache.h */,
				3E29405C20E0EF1F0048D01A /* UIImageView+WebCache.h */,
				3E29405D20E0EF1F0048D01A /* NSData+ImageContentType.h */,
				3E29405E20E0EF1F0048D01A /* SDWebImageManager.m */,
				3E29405F20E0EF1F0048D01A /* SDWebImageDecoder.m */,
				3E29406020E0EF1F0048D01A /* SDWebImageDownloaderOperation.h */,
				3E29406120E0EF1F0048D01A /* UIImageView+HighlightedWebCache.m */,
				3E29406220E0EF1F0048D01A /* SDImageCache.h */,
				3E29406320E0EF1F0048D01A /* SDImageCacheConfig.h */,
				3E29406420E0EF1F0048D01A /* FLAnimatedImage */,
				3E29406720E0EF1F0048D01A /* SDWebImageDownloader.m */,
				3E29406820E0EF1F0048D01A /* UIImage+GIF.m */,
				3E29406920E0EF1F0048D01A /* UIButton+WebCache.h */,
				3E29406A20E0EF1F0048D01A /* UIImage+MultiFormat.m */,
				3E29406B20E0EF1F0048D01A /* SDWebImageCompat.m */,
				3E29406C20E0EF1F0048D01A /* SDWebImagePrefetcher.m */,
				3E29406D20E0EF1F0048D01A /* UIView+WebCache.h */,
				3E29406E20E0EF1F0048D01A /* UIView+WebCacheOperation.h */,
				3E29406F20E0EF1F0048D01A /* MKAnnotationView+WebCache.h */,
				3E29407020E0EF1F0048D01A /* UIImage+WebP.h */,
				3E29407120E0EF1F0048D01A /* SDImageCache.m */,
				3E29407220E0EF1F0048D01A /* UIImageView+HighlightedWebCache.h */,
				3E29407320E0EF1F0048D01A /* SDWebImageDownloaderOperation.m */,
				3E29407420E0EF1F0048D01A /* SDWebImageDecoder.h */,
				3E29407520E0EF1F0048D01A /* SDWebImageManager.h */,
				3E29407620E0EF1F0048D01A /* NSData+ImageContentType.m */,
				3E29407720E0EF1F0048D01A /* UIImageView+WebCache.m */,
				3E29407820E0EF1F0048D01A /* SDWebImageOperation.h */,
				3E29407920E0EF1F0048D01A /* NSImage+WebCache.m */,
				3E29407A20E0EF1F0048D01A /* SDWebImageDownloader.h */,
				3E29407B20E0EF1F0048D01A /* SDImageCacheConfig.m */,
				3E29407C20E0EF1F0048D01A /* UIView+WebCacheOperation.m */,
				3E29407D20E0EF1F0048D01A /* UIView+WebCache.m */,
				3E29407E20E0EF1F0048D01A /* SDWebImagePrefetcher.h */,
				3E29407F20E0EF1F0048D01A /* SDWebImageCompat.h */,
				3E29408020E0EF1F0048D01A /* UIImage+MultiFormat.h */,
				3E29408120E0EF1F0048D01A /* UIButton+WebCache.m */,
				3E29408220E0EF1F0048D01A /* UIImage+GIF.h */,
			);
			path = SDWebImage;
			sourceTree = "<group>";
		};
		3E29406420E0EF1F0048D01A /* FLAnimatedImage */ = {
			isa = PBXGroup;
			children = (
				3E29406520E0EF1F0048D01A /* FLAnimatedImageView+WebCache.m */,
				3E29406620E0EF1F0048D01A /* FLAnimatedImageView+WebCache.h */,
			);
			path = FLAnimatedImage;
			sourceTree = "<group>";
		};
		3E2940D420E4B2E20048D01A /* ChooseBrowser */ = {
			isa = PBXGroup;
			children = (
				3E2940D920E4B33C0048D01A /* Other */,
				3E2940D820E4B3340048D01A /* Manager */,
				3E2940D720E4B32D0048D01A /* Model */,
				3E2940D620E4B3260048D01A /* View */,
				3E2940D520E4B31B0048D01A /* Controller */,
			);
			path = ChooseBrowser;
			sourceTree = "<group>";
		};
		3E2940D520E4B31B0048D01A /* Controller */ = {
			isa = PBXGroup;
			children = (
				0F6E422121083EDA00D0A179 /* GCYPhotoGroupListController.h */,
				0F6E422221083EDA00D0A179 /* GCYPhotoGroupListController.m */,
				0F6E4224210841E900D0A179 /* GCYPhotoListController.h */,
				0F6E4225210841E900D0A179 /* GCYPhotoListController.m */,
			);
			path = Controller;
			sourceTree = "<group>";
		};
		3E2940D620E4B3260048D01A /* View */ = {
			isa = PBXGroup;
			children = (
				3E2940E620E4B97A0048D01A /* GCYPhotoGroupCell.h */,
				3E2940E720E4B97A0048D01A /* GCYPhotoGroupCell.m */,
				3E2940E920E4BC7B0048D01A /* GCYPhotoCollectionViewCell.h */,
				3E2940EA20E4BC7B0048D01A /* GCYPhotoCollectionViewCell.m */,
			);
			path = View;
			sourceTree = "<group>";
		};
		3E2940D720E4B32D0048D01A /* Model */ = {
			isa = PBXGroup;
			children = (
				3E2940E020E4B4DA0048D01A /* GCYPhotoGroupModel.h */,
				3E2940E120E4B4DA0048D01A /* GCYPhotoGroupModel.m */,
				3E2940E320E4B7940048D01A /* GCYPhotoModel.h */,
				3E2940E420E4B7940048D01A /* GCYPhotoModel.m */,
			);
			path = Model;
			sourceTree = "<group>";
		};
		3E2940D820E4B3340048D01A /* Manager */ = {
			isa = PBXGroup;
			children = (
				3E2940EC20E4C97F0048D01A /* GCYPhotoAuthor.h */,
				3E2940ED20E4C97F0048D01A /* GCYPhotoAuthor.m */,
				0F61B5A620E53F6400DC5CF4 /* GCYPhotoKitManager.h */,
				0F61B5A720E53F6400DC5CF4 /* GCYPhotoKitManager.m */,
				0F6E41C72107316A00D0A179 /* GCYPhotoManager.h */,
				0F6E41C82107316A00D0A179 /* GCYPhotoManager.m */,
				0F6E42272108492D00D0A179 /* GCYPhotoOperation.h */,
				0F6E42282108492D00D0A179 /* GCYPhotoOperation.m */,
			);
			path = Manager;
			sourceTree = "<group>";
		};
		3E2940D920E4B33C0048D01A /* Other */ = {
			isa = PBXGroup;
			children = (
				3E2940DD20E4B4780048D01A /* UIView+Frame.h */,
				3E2940DE20E4B4780048D01A /* UIView+Frame.m */,
				3E2940DC20E4B42A0048D01A /* ConstHeader.h */,
			);
			path = Other;
			sourceTree = "<group>";
		};
/* End PBXGroup section */

/* Begin PBXNativeTarget section */
		3E29401120E0BCDC0048D01A /* PhotoBrowse */ = {
			isa = PBXNativeTarget;
			buildConfigurationList = 3E29402820E0BCDE0048D01A /* Build configuration list for PBXNativeTarget "PhotoBrowse" */;
			buildPhases = (
				3E29400E20E0BCDC0048D01A /* Sources */,
				3E29400F20E0BCDC0048D01A /* Frameworks */,
				3E29401020E0BCDC0048D01A /* Resources */,
			);
			buildRules = (
			);
			dependencies = (
			);
			name = PhotoBrowse;
			productName = PhotoBrowse;
			productReference = 3E29401220E0BCDC0048D01A /* PhotoBrowse.app */;
			productType = "com.apple.product-type.application";
		};
/* End PBXNativeTarget section */

/* Begin PBXProject section */
		3E29400A20E0BCDC0048D01A /* Project object */ = {
			isa = PBXProject;
			attributes = {
				LastUpgradeCheck = 0940;
				ORGANIZATIONNAME = gaochongyang;
				TargetAttributes = {
					3E29401120E0BCDC0048D01A = {
						CreatedOnToolsVersion = 9.4.1;
					};
				};
			};
			buildConfigurationList = 3E29400D20E0BCDC0048D01A /* Build configuration list for PBXProject "PhotoBrowse" */;
			compatibilityVersion = "Xcode 9.3";
			developmentRegion = en;
			hasScannedForEncodings = 0;
			knownRegions = (
				en,
				Base,
			);
			mainGroup = 3E29400920E0BCDC0048D01A;
			productRefGroup = 3E29401320E0BCDC0048D01A /* Products */;
			projectDirPath = "";
			projectRoot = "";
			targets = (
				3E29401120E0BCDC0048D01A /* PhotoBrowse */,
			);
		};
/* End PBXProject section */

/* Begin PBXResourcesBuildPhase section */
		3E29401020E0BCDC0048D01A /* Resources */ = {
			isa = PBXResourcesBuildPhase;
			buildActionMask = 2147483647;
			files = (
				3E29403620E0C75B0048D01A /* PYPhotosView.bundle in Resources */,
				3E29402220E0BCDE0048D01A /* LaunchScreen.storyboard in Resources */,
				3E29408820E0EF1F0048D01A /* MBProgressHUD.bundle in Resources */,
				3E29401F20E0BCDE0048D01A /* Assets.xcassets in Resources */,
				3E29401D20E0BCDC0048D01A /* Main.storyboard in Resources */,
			);
			runOnlyForDeploymentPostprocessing = 0;
		};
/* End PBXResourcesBuildPhase section */

/* Begin PBXSourcesBuildPhase section */
		3E29400E20E0BCDC0048D01A /* Sources */ = {
			isa = PBXSourcesBuildPhase;
			buildActionMask = 2147483647;
			files = (
				3E29409A20E0EF1F0048D01A /* UIView+WebCacheOperation.m in Sources */,
				0F61B5A820E53F6400DC5CF4 /* GCYPhotoKitManager.m in Sources */,
				0F6E422321083EDA00D0A179 /* GCYPhotoGroupListController.m in Sources */,
				3E29408F20E0EF1F0048D01A /* SDWebImageDownloader.m in Sources */,
				3E29404220E0EA4E0048D01A /* PhotosReaderController.m in Sources */,
				3E29408320E0EF1F0048D01A /* DALabeledCircularProgressView.m in Sources */,
				3E29408620E0EF1F0048D01A /* FLAnimatedImageView.m in Sources */,
				3E29404520E0EA6F0048D01A /* PhotosPreviewController.m in Sources */,
				3E2940EB20E4BC7B0048D01A /* GCYPhotoCollectionViewCell.m in Sources */,
				3E29403020E0BF3F0048D01A /* Photo.m in Sources */,
				0F6E4226210841E900D0A179 /* GCYPhotoListController.m in Sources */,
				3E2940EE20E4C97F0048D01A /* GCYPhotoAuthor.m in Sources */,
				0F6E42292108492D00D0A179 /* GCYPhotoOperation.m in Sources */,
				3E2940DF20E4B4780048D01A /* UIView+Frame.m in Sources */,
				3E29403920E0C94E0048D01A /* PhotoImageView.m in Sources */,
				3E29401A20E0BCDC0048D01A /* ViewController.m in Sources */,
				3E29404820E0EEF20048D01A /* PhotoViewCell.m in Sources */,
				3E29409320E0EF1F0048D01A /* SDWebImagePrefetcher.m in Sources */,
				3E29409620E0EF1F0048D01A /* NSData+ImageContentType.m in Sources */,
				3E29408920E0EF1F0048D01A /* UIImage+WebP.m in Sources */,
				3E29403C20E0D3890048D01A /* PhotosView.m in Sources */,
				3E29408520E0EF1F0048D01A /* FLAnimatedImage.m in Sources */,
				3E2940E220E4B4DA0048D01A /* GCYPhotoGroupModel.m in Sources */,
				3E29409820E0EF1F0048D01A /* NSImage+WebCache.m in Sources */,
				0F6E41C92107316A00D0A179 /* GCYPhotoManager.m in Sources */,
				3E29409B20E0EF1F0048D01A /* UIView+WebCache.m in Sources */,
				3E29409720E0EF1F0048D01A /* UIImageView+WebCache.m in Sources */,
				3E29402520E0BCDE0048D01A /* main.m in Sources */,
				3E29408D20E0EF1F0048D01A /* UIImageView+HighlightedWebCache.m in Sources */,
				3E29408C20E0EF1F0048D01A /* SDWebImageDecoder.m in Sources */,
				3E29403F20E0EA1D0048D01A /* PhotosViewController.m in Sources */,
				3E29408E20E0EF1F0048D01A /* FLAnimatedImageView+WebCache.m in Sources */,
				3E29409220E0EF1F0048D01A /* SDWebImageCompat.m in Sources */,
				3E29409920E0EF1F0048D01A /* SDImageCacheConfig.m in Sources */,
				3E29409C20E0EF1F0048D01A /* UIButton+WebCache.m in Sources */,
				3E29403420E0C5240048D01A /* PYPhotoBrowserConst.m in Sources */,
				3E29409020E0EF1F0048D01A /* UIImage+GIF.m in Sources */,
				3E29401720E0BCDC0048D01A /* AppDelegate.m in Sources */,
				3E2940E820E4B97A0048D01A /* GCYPhotoGroupCell.m in Sources */,
				3E29408B20E0EF1F0048D01A /* SDWebImageManager.m in Sources */,
				3E29408420E0EF1F0048D01A /* DACircularProgressView.m in Sources */,
				3E29409120E0EF1F0048D01A /* UIImage+MultiFormat.m in Sources */,
				3E29409520E0EF1F0048D01A /* SDWebImageDownloaderOperation.m in Sources */,
				3E29408720E0EF1F0048D01A /* MBProgressHUD.m in Sources */,
				3E2940E520E4B7940048D01A /* GCYPhotoModel.m in Sources */,
				0F6E421521073AE300D0A179 /* GCYChoosePictureView.m in Sources */,
				3E29408A20E0EF1F0048D01A /* MKAnnotationView+WebCache.m in Sources */,
				3E29409420E0EF1F0048D01A /* SDImageCache.m in Sources */,
			);
			runOnlyForDeploymentPostprocessing = 0;
		};
/* End PBXSourcesBuildPhase section */

/* Begin PBXVariantGroup section */
		3E29401B20E0BCDC0048D01A /* Main.storyboard */ = {
			isa = PBXVariantGroup;
			children = (
				3E29401C20E0BCDC0048D01A /* Base */,
			);
			name = Main.storyboard;
			sourceTree = "<group>";
		};
		3E29402020E0BCDE0048D01A /* LaunchScreen.storyboard */ = {
			isa = PBXVariantGroup;
			children = (
				3E29402120E0BCDE0048D01A /* Base */,
			);
			name = LaunchScreen.storyboard;
			sourceTree = "<group>";
		};
/* End PBXVariantGroup section */

/* Begin XCBuildConfiguration section */
		3E29402620E0BCDE0048D01A /* Debug */ = {
			isa = XCBuildConfiguration;
			buildSettings = {
				ALWAYS_SEARCH_USER_PATHS = NO;
				CLANG_ANALYZER_NONNULL = YES;
				CLANG_ANALYZER_NUMBER_OBJECT_CONVERSION = YES_AGGRESSIVE;
				CLANG_CXX_LANGUAGE_STANDARD = "gnu++14";
				CLANG_CXX_LIBRARY = "libc++";
				CLANG_ENABLE_MODULES = YES;
				CLANG_ENABLE_OBJC_ARC = YES;
				CLANG_ENABLE_OBJC_WEAK = YES;
				CLANG_WARN_BLOCK_CAPTURE_AUTORELEASING = YES;
				CLANG_WARN_BOOL_CONVERSION = YES;
				CLANG_WARN_COMMA = YES;
				CLANG_WARN_CONSTANT_CONVERSION = YES;
				CLANG_WARN_DEPRECATED_OBJC_IMPLEMENTATIONS = YES;
				CLANG_WARN_DIRECT_OBJC_ISA_USAGE = YES_ERROR;
				CLANG_WARN_DOCUMENTATION_COMMENTS = YES;
				CLANG_WARN_EMPTY_BODY = YES;
				CLANG_WARN_ENUM_CONVERSION = YES;
				CLANG_WARN_INFINITE_RECURSION = YES;
				CLANG_WARN_INT_CONVERSION = YES;
				CLANG_WARN_NON_LITERAL_NULL_CONVERSION = YES;
				CLANG_WARN_OBJC_IMPLICIT_RETAIN_SELF = YES;
				CLANG_WARN_OBJC_LITERAL_CONVERSION = YES;
				CLANG_WARN_OBJC_ROOT_CLASS = YES_ERROR;
				CLANG_WARN_RANGE_LOOP_ANALYSIS = YES;
				CLANG_WARN_STRICT_PROTOTYPES = YES;
				CLANG_WARN_SUSPICIOUS_MOVE = YES;
				CLANG_WARN_UNGUARDED_AVAILABILITY = YES_AGGRESSIVE;
				CLANG_WARN_UNREACHABLE_CODE = YES;
				CLANG_WARN__DUPLICATE_METHOD_MATCH = YES;
				CODE_SIGN_IDENTITY = "iPhone Developer";
				COPY_PHASE_STRIP = NO;
				DEBUG_INFORMATION_FORMAT = dwarf;
				ENABLE_STRICT_OBJC_MSGSEND = YES;
				ENABLE_TESTABILITY = YES;
				GCC_C_LANGUAGE_STANDARD = gnu11;
				GCC_DYNAMIC_NO_PIC = NO;
				GCC_NO_COMMON_BLOCKS = YES;
				GCC_OPTIMIZATION_LEVEL = 0;
				GCC_PREPROCESSOR_DEFINITIONS = (
					"DEBUG=1",
					"$(inherited)",
				);
				GCC_WARN_64_TO_32_BIT_CONVERSION = YES;
				GCC_WARN_ABOUT_RETURN_TYPE = YES_ERROR;
				GCC_WARN_UNDECLARED_SELECTOR = YES;
				GCC_WARN_UNINITIALIZED_AUTOS = YES_AGGRESSIVE;
				GCC_WARN_UNUSED_FUNCTION = YES;
				GCC_WARN_UNUSED_VARIABLE = YES;
				IPHONEOS_DEPLOYMENT_TARGET = 11.4;
				MTL_ENABLE_DEBUG_INFO = YES;
				ONLY_ACTIVE_ARCH = YES;
				SDKROOT = iphoneos;
			};
			name = Debug;
		};
		3E29402720E0BCDE0048D01A /* Release */ = {
			isa = XCBuildConfiguration;
			buildSettings = {
				ALWAYS_SEARCH_USER_PATHS = NO;
				CLANG_ANALYZER_NONNULL = YES;
				CLANG_ANALYZER_NUMBER_OBJECT_CONVERSION = YES_AGGRESSIVE;
				CLANG_CXX_LANGUAGE_STANDARD = "gnu++14";
				CLANG_CXX_LIBRARY = "libc++";
				CLANG_ENABLE_MODULES = YES;
				CLANG_ENABLE_OBJC_ARC = YES;
				CLANG_ENABLE_OBJC_WEAK = YES;
				CLANG_WARN_BLOCK_CAPTURE_AUTORELEASING = YES;
				CLANG_WARN_BOOL_CONVERSION = YES;
				CLANG_WARN_COMMA = YES;
				CLANG_WARN_CONSTANT_CONVERSION = YES;
				CLANG_WARN_DEPRECATED_OBJC_IMPLEMENTATIONS = YES;
				CLANG_WARN_DIRECT_OBJC_ISA_USAGE = YES_ERROR;
				CLANG_WARN_DOCUMENTATION_COMMENTS = YES;
				CLANG_WARN_EMPTY_BODY = YES;
				CLANG_WARN_ENUM_CONVERSION = YES;
				CLANG_WARN_INFINITE_RECURSION = YES;
				CLANG_WARN_INT_CONVERSION = YES;
				CLANG_WARN_NON_LITERAL_NULL_CONVERSION = YES;
				CLANG_WARN_OBJC_IMPLICIT_RETAIN_SELF = YES;
				CLANG_WARN_OBJC_LITERAL_CONVERSION = YES;
				CLANG_WARN_OBJC_ROOT_CLASS = YES_ERROR;
				CLANG_WARN_RANGE_LOOP_ANALYSIS = YES;
				CLANG_WARN_STRICT_PROTOTYPES = YES;
				CLANG_WARN_SUSPICIOUS_MOVE = YES;
				CLANG_WARN_UNGUARDED_AVAILABILITY = YES_AGGRESSIVE;
				CLANG_WARN_UNREACHABLE_CODE = YES;
				CLANG_WARN__DUPLICATE_METHOD_MATCH = YES;
				CODE_SIGN_IDENTITY = "iPhone Developer";
				COPY_PHASE_STRIP = NO;
				DEBUG_INFORMATION_FORMAT = "dwarf-with-dsym";
				ENABLE_NS_ASSERTIONS = NO;
				ENABLE_STRICT_OBJC_MSGSEND = YES;
				GCC_C_LANGUAGE_STANDARD = gnu11;
				GCC_NO_COMMON_BLOCKS = YES;
				GCC_WARN_64_TO_32_BIT_CONVERSION = YES;
				GCC_WARN_ABOUT_RETURN_TYPE = YES_ERROR;
				GCC_WARN_UNDECLARED_SELECTOR = YES;
				GCC_WARN_UNINITIALIZED_AUTOS = YES_AGGRESSIVE;
				GCC_WARN_UNUSED_FUNCTION = YES;
				GCC_WARN_UNUSED_VARIABLE = YES;
				IPHONEOS_DEPLOYMENT_TARGET = 11.4;
				MTL_ENABLE_DEBUG_INFO = NO;
				SDKROOT = iphoneos;
				VALIDATE_PRODUCT = YES;
			};
			name = Release;
		};
		3E29402920E0BCDE0048D01A /* Debug */ = {
			isa = XCBuildConfiguration;
			buildSettings = {
				ASSETCATALOG_COMPILER_APPICON_NAME = AppIcon;
				ASSETCATALOG_COMPILER_LAUNCHIMAGE_NAME = LaunchImage;
				CODE_SIGN_STYLE = Automatic;
				DEVELOPMENT_TEAM = Z899C473MY;
				GCC_PRECOMPILE_PREFIX_HEADER = YES;
				GCC_PREFIX_HEADER = "$(SRCROOT)/PhotoBrowse/PhotoPrefix.pch";
				INFOPLIST_FILE = PhotoBrowse/Info.plist;
				LD_RUNPATH_SEARCH_PATHS = (
					"$(inherited)",
					"@executable_path/Frameworks",
				);
				PRODUCT_BUNDLE_IDENTIFIER = TonyYang.PhotoBrowse;
				PRODUCT_NAME = "$(TARGET_NAME)";
				TARGETED_DEVICE_FAMILY = "1,2";
			};
			name = Debug;
		};
		3E29402A20E0BCDE0048D01A /* Release */ = {
			isa = XCBuildConfiguration;
			buildSettings = {
				ASSETCATALOG_COMPILER_APPICON_NAME = AppIcon;
				ASSETCATALOG_COMPILER_LAUNCHIMAGE_NAME = LaunchImage;
				CODE_SIGN_STYLE = Automatic;
				DEVELOPMENT_TEAM = Z899C473MY;
				GCC_PRECOMPILE_PREFIX_HEADER = YES;
				GCC_PREFIX_HEADER = "$(SRCROOT)/PhotoBrowse/PhotoPrefix.pch";
				INFOPLIST_FILE = PhotoBrowse/Info.plist;
				LD_RUNPATH_SEARCH_PATHS = (
					"$(inherited)",
					"@executable_path/Frameworks",
				);
				PRODUCT_BUNDLE_IDENTIFIER = TonyYang.PhotoBrowse;
				PRODUCT_NAME = "$(TARGET_NAME)";
				TARGETED_DEVICE_FAMILY = "1,2";
			};
			name = Release;
		};
/* End XCBuildConfiguration section */

/* Begin XCConfigurationList section */
		3E29400D20E0BCDC0048D01A /* Build configuration list for PBXProject "PhotoBrowse" */ = {
			isa = XCConfigurationList;
			buildConfigurations = (
				3E29402620E0BCDE0048D01A /* Debug */,
				3E29402720E0BCDE0048D01A /* Release */,
			);
			defaultConfigurationIsVisible = 0;
			defaultConfigurationName = Release;
		};
		3E29402820E0BCDE0048D01A /* Build configuration list for PBXNativeTarget "PhotoBrowse" */ = {
			isa = XCConfigurationList;
			buildConfigurations = (
				3E29402920E0BCDE0048D01A /* Debug */,
				3E29402A20E0BCDE0048D01A /* Release */,
			);
			defaultConfigurationIsVisible = 0;
			defaultConfigurationName = Release;
		};
/* End XCConfigurationList section */
	};
	rootObject = 3E29400A20E0BCDC0048D01A /* Project object */;
}
